// !$*UTF8*$!
{
	archiveVersion = 1;
	classes = {
	};
	objectVersion = 46;
	objects = {

/* Begin PBXBuildFile section */
		6526A495EEFEA10C983CAF0D /* Pods_ReadHubTests.framework in Frameworks */ = {isa = PBXBuildFile; fileRef = 321AB86C2E91B36E9147DED2 /* Pods_ReadHubTests.framework */; };
		A6FE3B5DDBA645D41CC17FF8 /* Pods_ReadHubUITests.framework in Frameworks */ = {isa = PBXBuildFile; fileRef = 81023787E9C8924EFCC66C17 /* Pods_ReadHubUITests.framework */; };
		A800F4B51F3EB11100F9737F /* TopicSummaryCell.swift in Sources */ = {isa = PBXBuildFile; fileRef = A800F4B31F3EB11100F9737F /* TopicSummaryCell.swift */; };
		A800F4B61F3EB11100F9737F /* TopicSummaryCell.xib in Resources */ = {isa = PBXBuildFile; fileRef = A800F4B41F3EB11100F9737F /* TopicSummaryCell.xib */; };
		A800F4B91F3EB21F00F9737F /* TopicCell.swift in Sources */ = {isa = PBXBuildFile; fileRef = A800F4B71F3EB21F00F9737F /* TopicCell.swift */; };
		A800F4BA1F3EB21F00F9737F /* TopicCell.xib in Resources */ = {isa = PBXBuildFile; fileRef = A800F4B81F3EB21F00F9737F /* TopicCell.xib */; };
		A800F4BC1F3EB4B500F9737F /* TopicCellViewModel.swift in Sources */ = {isa = PBXBuildFile; fileRef = A800F4BB1F3EB4B500F9737F /* TopicCellViewModel.swift */; };
		A800F4BE1F3EB82E00F9737F /* TopicSummaryCellViewModel.swift in Sources */ = {isa = PBXBuildFile; fileRef = A800F4BD1F3EB82E00F9737F /* TopicSummaryCellViewModel.swift */; };
		A800F4C11F3EC1DE00F9737F /* ReusableProtocol.swift in Sources */ = {isa = PBXBuildFile; fileRef = A800F4C01F3EC1DE00F9737F /* ReusableProtocol.swift */; };
		A800F4C31F3EC24900F9737F /* TableView+Reusable.swift in Sources */ = {isa = PBXBuildFile; fileRef = A800F4C21F3EC24900F9737F /* TableView+Reusable.swift */; };
		A800F4C71F40084100F9737F /* URLConvertable.swift in Sources */ = {isa = PBXBuildFile; fileRef = A800F4C61F40084100F9737F /* URLConvertable.swift */; };
		A800F4CA1F407F7500F9737F /* WebViewController.swift in Sources */ = {isa = PBXBuildFile; fileRef = A800F4C91F407F7500F9737F /* WebViewController.swift */; };
		A800F4CC1F408FA400F9737F /* Storyboardable.swift in Sources */ = {isa = PBXBuildFile; fileRef = A800F4CB1F408FA400F9737F /* Storyboardable.swift */; };
		A8028C831F596F3C0003711D /* NewsViewModel.swift in Sources */ = {isa = PBXBuildFile; fileRef = A8028C821F596F3C0003711D /* NewsViewModel.swift */; };
		A8028C861F5975820003711D /* NewsCell.swift in Sources */ = {isa = PBXBuildFile; fileRef = A8028C841F5975820003711D /* NewsCell.swift */; };
		A8028C871F5975820003711D /* NewsCell.xib in Resources */ = {isa = PBXBuildFile; fileRef = A8028C851F5975820003711D /* NewsCell.xib */; };
		A8028C891F5979440003711D /* NewsTableViewController.swift in Sources */ = {isa = PBXBuildFile; fileRef = A8028C881F5979440003711D /* NewsTableViewController.swift */; };
		A8028C8B1F5979850003711D /* NewsTableViewModel.swift in Sources */ = {isa = PBXBuildFile; fileRef = A8028C8A1F5979850003711D /* NewsTableViewModel.swift */; };
		B299CB8C322D04DAE4D3BE20 /* Pods_ReadHub.framework in Frameworks */ = {isa = PBXBuildFile; fileRef = EE2B0094336CD7DD207D86B5 /* Pods_ReadHub.framework */; };
		BF2DB1701F2ED8380075A305 /* SectionHeaderView.swift in Sources */ = {isa = PBXBuildFile; fileRef = BF2DB16F1F2ED8380075A305 /* SectionHeaderView.swift */; };
		BF2DB1721F2ED8460075A305 /* SectionHeaderView.xib in Resources */ = {isa = PBXBuildFile; fileRef = BF2DB1711F2ED8460075A305 /* SectionHeaderView.xib */; };
		BF2DB1741F2EFDF20075A305 /* TopicTableViewModel.swift in Sources */ = {isa = PBXBuildFile; fileRef = BF2DB1731F2EFDF20075A305 /* TopicTableViewModel.swift */; };
		BF61AC411F1C9CAD004838D9 /* AppDelegate.swift in Sources */ = {isa = PBXBuildFile; fileRef = BF61AC401F1C9CAD004838D9 /* AppDelegate.swift */; };
		BF61AC461F1C9CAD004838D9 /* Main.storyboard in Resources */ = {isa = PBXBuildFile; fileRef = BF61AC441F1C9CAD004838D9 /* Main.storyboard */; };
		BF61AC481F1C9CAD004838D9 /* Assets.xcassets in Resources */ = {isa = PBXBuildFile; fileRef = BF61AC471F1C9CAD004838D9 /* Assets.xcassets */; };
		BF61AC4B1F1C9CAD004838D9 /* LaunchScreen.storyboard in Resources */ = {isa = PBXBuildFile; fileRef = BF61AC491F1C9CAD004838D9 /* LaunchScreen.storyboard */; };
		BF61AC561F1C9CAD004838D9 /* ReadHubTests.swift in Sources */ = {isa = PBXBuildFile; fileRef = BF61AC551F1C9CAD004838D9 /* ReadHubTests.swift */; };
		BF61AC611F1C9CAD004838D9 /* ReadHubUITests.swift in Sources */ = {isa = PBXBuildFile; fileRef = BF61AC601F1C9CAD004838D9 /* ReadHubUITests.swift */; };
		BF61AC701F1C9FA8004838D9 /* TopicTableViewController.swift in Sources */ = {isa = PBXBuildFile; fileRef = BF61AC6F1F1C9FA8004838D9 /* TopicTableViewController.swift */; };
		BF61AC741F1C9FCD004838D9 /* DataLoader.swift in Sources */ = {isa = PBXBuildFile; fileRef = BF61AC731F1C9FCD004838D9 /* DataLoader.swift */; };
		BF61AC7D1F1CA09E004838D9 /* News.swift in Sources */ = {isa = PBXBuildFile; fileRef = BF61AC7A1F1CA09E004838D9 /* News.swift */; };
		BF61AC7E1F1CA09E004838D9 /* Response.swift in Sources */ = {isa = PBXBuildFile; fileRef = BF61AC7B1F1CA09E004838D9 /* Response.swift */; };
		BF61AC7F1F1CA09E004838D9 /* Topic.swift in Sources */ = {isa = PBXBuildFile; fileRef = BF61AC7C1F1CA09E004838D9 /* Topic.swift */; };
		BF61AC821F1CA5D6004838D9 /* SectionHeaderViewModel.swift in Sources */ = {isa = PBXBuildFile; fileRef = BF61AC811F1CA5D6004838D9 /* SectionHeaderViewModel.swift */; };
		BF61AC851F1CC003004838D9 /* DateFormatter+iso8601.swift in Sources */ = {isa = PBXBuildFile; fileRef = BF61AC841F1CC003004838D9 /* DateFormatter+iso8601.swift */; };
		BF61AC871F1CC02C004838D9 /* Date+iso8601.swift in Sources */ = {isa = PBXBuildFile; fileRef = BF61AC861F1CC02C004838D9 /* Date+iso8601.swift */; };
		BF61AC891F1CC045004838D9 /* String+iso8601.swift in Sources */ = {isa = PBXBuildFile; fileRef = BF61AC881F1CC045004838D9 /* String+iso8601.swift */; };
/* End PBXBuildFile section */

/* Begin PBXContainerItemProxy section */
		BF61AC521F1C9CAD004838D9 /* PBXContainerItemProxy */ = {
			isa = PBXContainerItemProxy;
			containerPortal = BF61AC351F1C9CAD004838D9 /* Project object */;
			proxyType = 1;
			remoteGlobalIDString = BF61AC3C1F1C9CAD004838D9;
			remoteInfo = ReadHub;
		};
		BF61AC5D1F1C9CAD004838D9 /* PBXContainerItemProxy */ = {
			isa = PBXContainerItemProxy;
			containerPortal = BF61AC351F1C9CAD004838D9 /* Project object */;
			proxyType = 1;
			remoteGlobalIDString = BF61AC3C1F1C9CAD004838D9;
			remoteInfo = ReadHub;
		};
/* End PBXContainerItemProxy section */

/* Begin PBXFileReference section */
		211091B56E89336E3F126010 /* Pods-ReadHubUITests.debug.xcconfig */ = {isa = PBXFileReference; includeInIndex = 1; lastKnownFileType = text.xcconfig; name = "Pods-ReadHubUITests.debug.xcconfig"; path = "Pods/Target Support Files/Pods-ReadHubUITests/Pods-ReadHubUITests.debug.xcconfig"; sourceTree = "<group>"; };
		321AB86C2E91B36E9147DED2 /* Pods_ReadHubTests.framework */ = {isa = PBXFileReference; explicitFileType = wrapper.framework; includeInIndex = 0; path = Pods_ReadHubTests.framework; sourceTree = BUILT_PRODUCTS_DIR; };
		679A7557A822F7B49972FBBE /* Pods-ReadHubTests.debug.xcconfig */ = {isa = PBXFileReference; includeInIndex = 1; lastKnownFileType = text.xcconfig; name = "Pods-ReadHubTests.debug.xcconfig"; path = "Pods/Target Support Files/Pods-ReadHubTests/Pods-ReadHubTests.debug.xcconfig"; sourceTree = "<group>"; };
		81023787E9C8924EFCC66C17 /* Pods_ReadHubUITests.framework */ = {isa = PBXFileReference; explicitFileType = wrapper.framework; includeInIndex = 0; path = Pods_ReadHubUITests.framework; sourceTree = BUILT_PRODUCTS_DIR; };
		974E746642A78F327C09C7E4 /* Pods-ReadHubUITests.release.xcconfig */ = {isa = PBXFileReference; includeInIndex = 1; lastKnownFileType = text.xcconfig; name = "Pods-ReadHubUITests.release.xcconfig"; path = "Pods/Target Support Files/Pods-ReadHubUITests/Pods-ReadHubUITests.release.xcconfig"; sourceTree = "<group>"; };
		A800F4B31F3EB11100F9737F /* TopicSummaryCell.swift */ = {isa = PBXFileReference; fileEncoding = 4; lastKnownFileType = sourcecode.swift; path = TopicSummaryCell.swift; sourceTree = "<group>"; };
		A800F4B41F3EB11100F9737F /* TopicSummaryCell.xib */ = {isa = PBXFileReference; fileEncoding = 4; lastKnownFileType = file.xib; path = TopicSummaryCell.xib; sourceTree = "<group>"; };
		A800F4B71F3EB21F00F9737F /* TopicCell.swift */ = {isa = PBXFileReference; fileEncoding = 4; lastKnownFileType = sourcecode.swift; path = TopicCell.swift; sourceTree = "<group>"; };
		A800F4B81F3EB21F00F9737F /* TopicCell.xib */ = {isa = PBXFileReference; fileEncoding = 4; lastKnownFileType = file.xib; path = TopicCell.xib; sourceTree = "<group>"; };
		A800F4BB1F3EB4B500F9737F /* TopicCellViewModel.swift */ = {isa = PBXFileReference; fileEncoding = 4; lastKnownFileType = sourcecode.swift; path = TopicCellViewModel.swift; sourceTree = "<group>"; };
		A800F4BD1F3EB82E00F9737F /* TopicSummaryCellViewModel.swift */ = {isa = PBXFileReference; fileEncoding = 4; lastKnownFileType = sourcecode.swift; path = TopicSummaryCellViewModel.swift; sourceTree = "<group>"; };
		A800F4C01F3EC1DE00F9737F /* ReusableProtocol.swift */ = {isa = PBXFileReference; fileEncoding = 4; lastKnownFileType = sourcecode.swift; path = ReusableProtocol.swift; sourceTree = "<group>"; };
		A800F4C21F3EC24900F9737F /* TableView+Reusable.swift */ = {isa = PBXFileReference; fileEncoding = 4; lastKnownFileType = sourcecode.swift; path = "TableView+Reusable.swift"; sourceTree = "<group>"; };
		A800F4C61F40084100F9737F /* URLConvertable.swift */ = {isa = PBXFileReference; fileEncoding = 4; lastKnownFileType = sourcecode.swift; path = URLConvertable.swift; sourceTree = "<group>"; };
		A800F4C91F407F7500F9737F /* WebViewController.swift */ = {isa = PBXFileReference; fileEncoding = 4; lastKnownFileType = sourcecode.swift; path = WebViewController.swift; sourceTree = "<group>"; };
		A800F4CB1F408FA400F9737F /* Storyboardable.swift */ = {isa = PBXFileReference; fileEncoding = 4; lastKnownFileType = sourcecode.swift; path = Storyboardable.swift; sourceTree = "<group>"; };
		A8028C821F596F3C0003711D /* NewsViewModel.swift */ = {isa = PBXFileReference; fileEncoding = 4; lastKnownFileType = sourcecode.swift; path = NewsViewModel.swift; sourceTree = "<group>"; };
		A8028C841F5975820003711D /* NewsCell.swift */ = {isa = PBXFileReference; fileEncoding = 4; lastKnownFileType = sourcecode.swift; path = NewsCell.swift; sourceTree = "<group>"; };
		A8028C851F5975820003711D /* NewsCell.xib */ = {isa = PBXFileReference; fileEncoding = 4; lastKnownFileType = file.xib; path = NewsCell.xib; sourceTree = "<group>"; };
		A8028C881F5979440003711D /* NewsTableViewController.swift */ = {isa = PBXFileReference; fileEncoding = 4; lastKnownFileType = sourcecode.swift; path = NewsTableViewController.swift; sourceTree = "<group>"; };
		A8028C8A1F5979850003711D /* NewsTableViewModel.swift */ = {isa = PBXFileReference; fileEncoding = 4; lastKnownFileType = sourcecode.swift; path = NewsTableViewModel.swift; sourceTree = "<group>"; };
		ADFF022248E972FC93B31DF9 /* Pods-ReadHubTests.release.xcconfig */ = {isa = PBXFileReference; includeInIndex = 1; lastKnownFileType = text.xcconfig; name = "Pods-ReadHubTests.release.xcconfig"; path = "Pods/Target Support Files/Pods-ReadHubTests/Pods-ReadHubTests.release.xcconfig"; sourceTree = "<group>"; };
		BF2DB16F1F2ED8380075A305 /* SectionHeaderView.swift */ = {isa = PBXFileReference; fileEncoding = 4; lastKnownFileType = sourcecode.swift; path = SectionHeaderView.swift; sourceTree = "<group>"; };
		BF2DB1711F2ED8460075A305 /* SectionHeaderView.xib */ = {isa = PBXFileReference; fileEncoding = 4; lastKnownFileType = file.xib; path = SectionHeaderView.xib; sourceTree = "<group>"; };
		BF2DB1731F2EFDF20075A305 /* TopicTableViewModel.swift */ = {isa = PBXFileReference; fileEncoding = 4; lastKnownFileType = sourcecode.swift; path = TopicTableViewModel.swift; sourceTree = "<group>"; };
		BF61AC3D1F1C9CAD004838D9 /* ReadHub.app */ = {isa = PBXFileReference; explicitFileType = wrapper.application; includeInIndex = 0; path = ReadHub.app; sourceTree = BUILT_PRODUCTS_DIR; };
		BF61AC401F1C9CAD004838D9 /* AppDelegate.swift */ = {isa = PBXFileReference; lastKnownFileType = sourcecode.swift; path = AppDelegate.swift; sourceTree = "<group>"; };
		BF61AC451F1C9CAD004838D9 /* Base */ = {isa = PBXFileReference; lastKnownFileType = file.storyboard; name = Base; path = Base.lproj/Main.storyboard; sourceTree = "<group>"; };
		BF61AC471F1C9CAD004838D9 /* Assets.xcassets */ = {isa = PBXFileReference; lastKnownFileType = folder.assetcatalog; path = Assets.xcassets; sourceTree = "<group>"; };
		BF61AC4A1F1C9CAD004838D9 /* Base */ = {isa = PBXFileReference; lastKnownFileType = file.storyboard; name = Base; path = Base.lproj/LaunchScreen.storyboard; sourceTree = "<group>"; };
		BF61AC4C1F1C9CAD004838D9 /* Info.plist */ = {isa = PBXFileReference; lastKnownFileType = text.plist.xml; path = Info.plist; sourceTree = "<group>"; };
		BF61AC511F1C9CAD004838D9 /* ReadHubTests.xctest */ = {isa = PBXFileReference; explicitFileType = wrapper.cfbundle; includeInIndex = 0; path = ReadHubTests.xctest; sourceTree = BUILT_PRODUCTS_DIR; };
		BF61AC551F1C9CAD004838D9 /* ReadHubTests.swift */ = {isa = PBXFileReference; lastKnownFileType = sourcecode.swift; path = ReadHubTests.swift; sourceTree = "<group>"; };
		BF61AC571F1C9CAD004838D9 /* Info.plist */ = {isa = PBXFileReference; lastKnownFileType = text.plist.xml; path = Info.plist; sourceTree = "<group>"; };
		BF61AC5C1F1C9CAD004838D9 /* ReadHubUITests.xctest */ = {isa = PBXFileReference; explicitFileType = wrapper.cfbundle; includeInIndex = 0; path = ReadHubUITests.xctest; sourceTree = BUILT_PRODUCTS_DIR; };
		BF61AC601F1C9CAD004838D9 /* ReadHubUITests.swift */ = {isa = PBXFileReference; lastKnownFileType = sourcecode.swift; path = ReadHubUITests.swift; sourceTree = "<group>"; };
		BF61AC621F1C9CAD004838D9 /* Info.plist */ = {isa = PBXFileReference; lastKnownFileType = text.plist.xml; path = Info.plist; sourceTree = "<group>"; };
		BF61AC6F1F1C9FA8004838D9 /* TopicTableViewController.swift */ = {isa = PBXFileReference; fileEncoding = 4; lastKnownFileType = sourcecode.swift; path = TopicTableViewController.swift; sourceTree = "<group>"; };
		BF61AC731F1C9FCD004838D9 /* DataLoader.swift */ = {isa = PBXFileReference; fileEncoding = 4; lastKnownFileType = sourcecode.swift; path = DataLoader.swift; sourceTree = "<group>"; };
		BF61AC7A1F1CA09E004838D9 /* News.swift */ = {isa = PBXFileReference; fileEncoding = 4; lastKnownFileType = sourcecode.swift; path = News.swift; sourceTree = "<group>"; };
		BF61AC7B1F1CA09E004838D9 /* Response.swift */ = {isa = PBXFileReference; fileEncoding = 4; lastKnownFileType = sourcecode.swift; path = Response.swift; sourceTree = "<group>"; };
		BF61AC7C1F1CA09E004838D9 /* Topic.swift */ = {isa = PBXFileReference; fileEncoding = 4; lastKnownFileType = sourcecode.swift; path = Topic.swift; sourceTree = "<group>"; };
		BF61AC811F1CA5D6004838D9 /* SectionHeaderViewModel.swift */ = {isa = PBXFileReference; fileEncoding = 4; lastKnownFileType = sourcecode.swift; path = SectionHeaderViewModel.swift; sourceTree = "<group>"; };
		BF61AC841F1CC003004838D9 /* DateFormatter+iso8601.swift */ = {isa = PBXFileReference; fileEncoding = 4; lastKnownFileType = sourcecode.swift; path = "DateFormatter+iso8601.swift"; sourceTree = "<group>"; };
		BF61AC861F1CC02C004838D9 /* Date+iso8601.swift */ = {isa = PBXFileReference; fileEncoding = 4; lastKnownFileType = sourcecode.swift; path = "Date+iso8601.swift"; sourceTree = "<group>"; };
		BF61AC881F1CC045004838D9 /* String+iso8601.swift */ = {isa = PBXFileReference; fileEncoding = 4; lastKnownFileType = sourcecode.swift; path = "String+iso8601.swift"; sourceTree = "<group>"; };
		EE2B0094336CD7DD207D86B5 /* Pods_ReadHub.framework */ = {isa = PBXFileReference; explicitFileType = wrapper.framework; includeInIndex = 0; path = Pods_ReadHub.framework; sourceTree = BUILT_PRODUCTS_DIR; };
		F094A958231585428318700F /* Pods-ReadHub.debug.xcconfig */ = {isa = PBXFileReference; includeInIndex = 1; lastKnownFileType = text.xcconfig; name = "Pods-ReadHub.debug.xcconfig"; path = "Pods/Target Support Files/Pods-ReadHub/Pods-ReadHub.debug.xcconfig"; sourceTree = "<group>"; };
		F72A4EECD83CD332F4FC43FE /* Pods-ReadHub.release.xcconfig */ = {isa = PBXFileReference; includeInIndex = 1; lastKnownFileType = text.xcconfig; name = "Pods-ReadHub.release.xcconfig"; path = "Pods/Target Support Files/Pods-ReadHub/Pods-ReadHub.release.xcconfig"; sourceTree = "<group>"; };
/* End PBXFileReference section */

/* Begin PBXFrameworksBuildPhase section */
		BF61AC3A1F1C9CAD004838D9 /* Frameworks */ = {
			isa = PBXFrameworksBuildPhase;
			buildActionMask = 2147483647;
			files = (
				B299CB8C322D04DAE4D3BE20 /* Pods_ReadHub.framework in Frameworks */,
			);
			runOnlyForDeploymentPostprocessing = 0;
		};
		BF61AC4E1F1C9CAD004838D9 /* Frameworks */ = {
			isa = PBXFrameworksBuildPhase;
			buildActionMask = 2147483647;
			files = (
				6526A495EEFEA10C983CAF0D /* Pods_ReadHubTests.framework in Frameworks */,
			);
			runOnlyForDeploymentPostprocessing = 0;
		};
		BF61AC591F1C9CAD004838D9 /* Frameworks */ = {
			isa = PBXFrameworksBuildPhase;
			buildActionMask = 2147483647;
			files = (
				A6FE3B5DDBA645D41CC17FF8 /* Pods_ReadHubUITests.framework in Frameworks */,
			);
			runOnlyForDeploymentPostprocessing = 0;
		};
/* End PBXFrameworksBuildPhase section */

/* Begin PBXGroup section */
		A800F4BF1F3EC0C200F9737F /* Protocols */ = {
			isa = PBXGroup;
			children = (
				A800F4C01F3EC1DE00F9737F /* ReusableProtocol.swift */,
				A800F4C61F40084100F9737F /* URLConvertable.swift */,
				A800F4CB1F408FA400F9737F /* Storyboardable.swift */,
			);
			path = Protocols;
			sourceTree = "<group>";
		};
		B6A3AD50EC7F77505D22C924 /* Frameworks */ = {
			isa = PBXGroup;
			children = (
				EE2B0094336CD7DD207D86B5 /* Pods_ReadHub.framework */,
				321AB86C2E91B36E9147DED2 /* Pods_ReadHubTests.framework */,
				81023787E9C8924EFCC66C17 /* Pods_ReadHubUITests.framework */,
			);
			name = Frameworks;
			sourceTree = "<group>";
		};
		BF61AC341F1C9CAD004838D9 = {
			isa = PBXGroup;
			children = (
				BF61AC3F1F1C9CAD004838D9 /* ReadHub */,
				BF61AC541F1C9CAD004838D9 /* ReadHubTests */,
				BF61AC5F1F1C9CAD004838D9 /* ReadHubUITests */,
				BF61AC3E1F1C9CAD004838D9 /* Products */,
				DC39E3701AD7CF2644A57464 /* Pods */,
				B6A3AD50EC7F77505D22C924 /* Frameworks */,
			);
			sourceTree = "<group>";
		};
		BF61AC3E1F1C9CAD004838D9 /* Products */ = {
			isa = PBXGroup;
			children = (
				BF61AC3D1F1C9CAD004838D9 /* ReadHub.app */,
				BF61AC511F1C9CAD004838D9 /* ReadHubTests.xctest */,
				BF61AC5C1F1C9CAD004838D9 /* ReadHubUITests.xctest */,
			);
			name = Products;
			sourceTree = "<group>";
		};
		BF61AC3F1F1C9CAD004838D9 /* ReadHub */ = {
			isa = PBXGroup;
			children = (
				A800F4BF1F3EC0C200F9737F /* Protocols */,
				BF61AC831F1CBFE0004838D9 /* Extensions */,
				BF61AC801F1CA5A0004838D9 /* ViewModels */,
				BF61AC791F1CA08F004838D9 /* Models */,
				BF61AC721F1C9FBF004838D9 /* Views */,
				BF61AC711F1C9FB6004838D9 /* Services */,
				BF61AC6E1F1C9F86004838D9 /* ViewControllers */,
				BF61AC401F1C9CAD004838D9 /* AppDelegate.swift */,
				BF61AC441F1C9CAD004838D9 /* Main.storyboard */,
				BF61AC471F1C9CAD004838D9 /* Assets.xcassets */,
				BF61AC491F1C9CAD004838D9 /* LaunchScreen.storyboard */,
				BF61AC4C1F1C9CAD004838D9 /* Info.plist */,
			);
			path = ReadHub;
			sourceTree = "<group>";
		};
		BF61AC541F1C9CAD004838D9 /* ReadHubTests */ = {
			isa = PBXGroup;
			children = (
				BF61AC551F1C9CAD004838D9 /* ReadHubTests.swift */,
				BF61AC571F1C9CAD004838D9 /* Info.plist */,
			);
			path = ReadHubTests;
			sourceTree = "<group>";
		};
		BF61AC5F1F1C9CAD004838D9 /* ReadHubUITests */ = {
			isa = PBXGroup;
			children = (
				BF61AC601F1C9CAD004838D9 /* ReadHubUITests.swift */,
				BF61AC621F1C9CAD004838D9 /* Info.plist */,
			);
			path = ReadHubUITests;
			sourceTree = "<group>";
		};
		BF61AC6E1F1C9F86004838D9 /* ViewControllers */ = {
			isa = PBXGroup;
			children = (
				BF61AC6F1F1C9FA8004838D9 /* TopicTableViewController.swift */,
				A800F4C91F407F7500F9737F /* WebViewController.swift */,
				A8028C881F5979440003711D /* NewsTableViewController.swift */,
			);
			path = ViewControllers;
			sourceTree = "<group>";
		};
		BF61AC711F1C9FB6004838D9 /* Services */ = {
			isa = PBXGroup;
			children = (
				BF61AC731F1C9FCD004838D9 /* DataLoader.swift */,
			);
			path = Services;
			sourceTree = "<group>";
		};
		BF61AC721F1C9FBF004838D9 /* Views */ = {
			isa = PBXGroup;
			children = (
				BF2DB16F1F2ED8380075A305 /* SectionHeaderView.swift */,
				BF2DB1711F2ED8460075A305 /* SectionHeaderView.xib */,
				A800F4B31F3EB11100F9737F /* TopicSummaryCell.swift */,
				A800F4B41F3EB11100F9737F /* TopicSummaryCell.xib */,
				A800F4B71F3EB21F00F9737F /* TopicCell.swift */,
				A800F4B81F3EB21F00F9737F /* TopicCell.xib */,
				A8028C841F5975820003711D /* NewsCell.swift */,
				A8028C851F5975820003711D /* NewsCell.xib */,
			);
			path = Views;
			sourceTree = "<group>";
		};
		BF61AC791F1CA08F004838D9 /* Models */ = {
			isa = PBXGroup;
			children = (
				BF61AC7A1F1CA09E004838D9 /* News.swift */,
				BF61AC7B1F1CA09E004838D9 /* Response.swift */,
				BF61AC7C1F1CA09E004838D9 /* Topic.swift */,
			);
			path = Models;
			sourceTree = "<group>";
		};
		BF61AC801F1CA5A0004838D9 /* ViewModels */ = {
			isa = PBXGroup;
			children = (
				BF61AC811F1CA5D6004838D9 /* SectionHeaderViewModel.swift */,
				BF2DB1731F2EFDF20075A305 /* TopicTableViewModel.swift */,
				A800F4BB1F3EB4B500F9737F /* TopicCellViewModel.swift */,
				A800F4BD1F3EB82E00F9737F /* TopicSummaryCellViewModel.swift */,
				A8028C821F596F3C0003711D /* NewsViewModel.swift */,
				A8028C8A1F5979850003711D /* NewsTableViewModel.swift */,
			);
			path = ViewModels;
			sourceTree = "<group>";
		};
		BF61AC831F1CBFE0004838D9 /* Extensions */ = {
			isa = PBXGroup;
			children = (
				BF61AC841F1CC003004838D9 /* DateFormatter+iso8601.swift */,
				BF61AC861F1CC02C004838D9 /* Date+iso8601.swift */,
				BF61AC881F1CC045004838D9 /* String+iso8601.swift */,
				A800F4C21F3EC24900F9737F /* TableView+Reusable.swift */,
			);
			path = Extensions;
			sourceTree = "<group>";
		};
		DC39E3701AD7CF2644A57464 /* Pods */ = {
			isa = PBXGroup;
			children = (
				F094A958231585428318700F /* Pods-ReadHub.debug.xcconfig */,
				F72A4EECD83CD332F4FC43FE /* Pods-ReadHub.release.xcconfig */,
				679A7557A822F7B49972FBBE /* Pods-ReadHubTests.debug.xcconfig */,
				ADFF022248E972FC93B31DF9 /* Pods-ReadHubTests.release.xcconfig */,
				211091B56E89336E3F126010 /* Pods-ReadHubUITests.debug.xcconfig */,
				974E746642A78F327C09C7E4 /* Pods-ReadHubUITests.release.xcconfig */,
			);
			name = Pods;
			sourceTree = "<group>";
		};
/* End PBXGroup section */

/* Begin PBXNativeTarget section */
		BF61AC3C1F1C9CAD004838D9 /* ReadHub */ = {
			isa = PBXNativeTarget;
			buildConfigurationList = BF61AC651F1C9CAD004838D9 /* Build configuration list for PBXNativeTarget "ReadHub" */;
			buildPhases = (
				37D9BB02D5AC9668C030207B /* [CP] Check Pods Manifest.lock */,
				BF61AC391F1C9CAD004838D9 /* Sources */,
				BF61AC3A1F1C9CAD004838D9 /* Frameworks */,
				BF61AC3B1F1C9CAD004838D9 /* Resources */,
				44B57E61C4D2FA47CE39FB0A /* [CP] Embed Pods Frameworks */,
				C1BCB14A07F838B48A51FE31 /* [CP] Copy Pods Resources */,
			);
			buildRules = (
			);
			dependencies = (
			);
			name = ReadHub;
			productName = ReadHub;
			productReference = BF61AC3D1F1C9CAD004838D9 /* ReadHub.app */;
			productType = "com.apple.product-type.application";
		};
		BF61AC501F1C9CAD004838D9 /* ReadHubTests */ = {
			isa = PBXNativeTarget;
			buildConfigurationList = BF61AC681F1C9CAD004838D9 /* Build configuration list for PBXNativeTarget "ReadHubTests" */;
			buildPhases = (
				1B021D238E1A07A7A8933D87 /* [CP] Check Pods Manifest.lock */,
				BF61AC4D1F1C9CAD004838D9 /* Sources */,
				BF61AC4E1F1C9CAD004838D9 /* Frameworks */,
				BF61AC4F1F1C9CAD004838D9 /* Resources */,
				D0FB1FA31D239062EA555536 /* [CP] Embed Pods Frameworks */,
				BA65EBFDE83B3595605FB311 /* [CP] Copy Pods Resources */,
			);
			buildRules = (
			);
			dependencies = (
				BF61AC531F1C9CAD004838D9 /* PBXTargetDependency */,
			);
			name = ReadHubTests;
			productName = ReadHubTests;
			productReference = BF61AC511F1C9CAD004838D9 /* ReadHubTests.xctest */;
			productType = "com.apple.product-type.bundle.unit-test";
		};
		BF61AC5B1F1C9CAD004838D9 /* ReadHubUITests */ = {
			isa = PBXNativeTarget;
			buildConfigurationList = BF61AC6B1F1C9CAD004838D9 /* Build configuration list for PBXNativeTarget "ReadHubUITests" */;
			buildPhases = (
				10A9911B1FCE3182F984E6EE /* [CP] Check Pods Manifest.lock */,
				BF61AC581F1C9CAD004838D9 /* Sources */,
				BF61AC591F1C9CAD004838D9 /* Frameworks */,
				BF61AC5A1F1C9CAD004838D9 /* Resources */,
				B439A3DA79F138F7931FCB68 /* [CP] Embed Pods Frameworks */,
				9959EE7E384342102F6F42B4 /* [CP] Copy Pods Resources */,
			);
			buildRules = (
			);
			dependencies = (
				BF61AC5E1F1C9CAD004838D9 /* PBXTargetDependency */,
			);
			name = ReadHubUITests;
			productName = ReadHubUITests;
			productReference = BF61AC5C1F1C9CAD004838D9 /* ReadHubUITests.xctest */;
			productType = "com.apple.product-type.bundle.ui-testing";
		};
/* End PBXNativeTarget section */

/* Begin PBXProject section */
		BF61AC351F1C9CAD004838D9 /* Project object */ = {
			isa = PBXProject;
			attributes = {
				LastSwiftUpdateCheck = 0830;
				LastUpgradeCheck = 0830;
				ORGANIZATIONNAME = "Liang, Yangxing";
				TargetAttributes = {
					BF61AC3C1F1C9CAD004838D9 = {
						CreatedOnToolsVersion = 8.3.3;
						ProvisioningStyle = Automatic;
					};
					BF61AC501F1C9CAD004838D9 = {
						CreatedOnToolsVersion = 8.3.3;
						ProvisioningStyle = Automatic;
						TestTargetID = BF61AC3C1F1C9CAD004838D9;
					};
					BF61AC5B1F1C9CAD004838D9 = {
						CreatedOnToolsVersion = 8.3.3;
						ProvisioningStyle = Automatic;
						TestTargetID = BF61AC3C1F1C9CAD004838D9;
					};
				};
			};
			buildConfigurationList = BF61AC381F1C9CAD004838D9 /* Build configuration list for PBXProject "ReadHub" */;
			compatibilityVersion = "Xcode 3.2";
			developmentRegion = English;
			hasScannedForEncodings = 0;
			knownRegions = (
				en,
				Base,
			);
			mainGroup = BF61AC341F1C9CAD004838D9;
			productRefGroup = BF61AC3E1F1C9CAD004838D9 /* Products */;
			projectDirPath = "";
			projectRoot = "";
			targets = (
				BF61AC3C1F1C9CAD004838D9 /* ReadHub */,
				BF61AC501F1C9CAD004838D9 /* ReadHubTests */,
				BF61AC5B1F1C9CAD004838D9 /* ReadHubUITests */,
			);
		};
/* End PBXProject section */

/* Begin PBXResourcesBuildPhase section */
		BF61AC3B1F1C9CAD004838D9 /* Resources */ = {
			isa = PBXResourcesBuildPhase;
			buildActionMask = 2147483647;
			files = (
				BF61AC4B1F1C9CAD004838D9 /* LaunchScreen.storyboard in Resources */,
				BF61AC481F1C9CAD004838D9 /* Assets.xcassets in Resources */,
				A8028C871F5975820003711D /* NewsCell.xib in Resources */,
				A800F4B61F3EB11100F9737F /* TopicSummaryCell.xib in Resources */,
				BF61AC461F1C9CAD004838D9 /* Main.storyboard in Resources */,
				BF2DB1721F2ED8460075A305 /* SectionHeaderView.xib in Resources */,
				A800F4BA1F3EB21F00F9737F /* TopicCell.xib in Resources */,
			);
			runOnlyForDeploymentPostprocessing = 0;
		};
		BF61AC4F1F1C9CAD004838D9 /* Resources */ = {
			isa = PBXResourcesBuildPhase;
			buildActionMask = 2147483647;
			files = (
			);
			runOnlyForDeploymentPostprocessing = 0;
		};
		BF61AC5A1F1C9CAD004838D9 /* Resources */ = {
			isa = PBXResourcesBuildPhase;
			buildActionMask = 2147483647;
			files = (
			);
			runOnlyForDeploymentPostprocessing = 0;
		};
/* End PBXResourcesBuildPhase section */

/* Begin PBXShellScriptBuildPhase section */
		10A9911B1FCE3182F984E6EE /* [CP] Check Pods Manifest.lock */ = {
			isa = PBXShellScriptBuildPhase;
			buildActionMask = 2147483647;
			files = (
			);
			inputPaths = (
				"${PODS_PODFILE_DIR_PATH}/Podfile.lock",
				"${PODS_ROOT}/Manifest.lock",
			);
			name = "[CP] Check Pods Manifest.lock";
			outputPaths = (
				"$(DERIVED_FILE_DIR)/Pods-ReadHubUITests-checkManifestLockResult.txt",
			);
			runOnlyForDeploymentPostprocessing = 0;
			shellPath = /bin/sh;
			shellScript = "diff \"${PODS_PODFILE_DIR_PATH}/Podfile.lock\" \"${PODS_ROOT}/Manifest.lock\" > /dev/null\nif [ $? != 0 ] ; then\n    # print error to STDERR\n    echo \"error: The sandbox is not in sync with the Podfile.lock. Run 'pod install' or update your CocoaPods installation.\" >&2\n    exit 1\nfi\n# This output is used by Xcode 'outputs' to avoid re-running this script phase.\necho \"SUCCESS\" > \"${SCRIPT_OUTPUT_FILE_0}\"\n";
			showEnvVarsInLog = 0;
		};
		1B021D238E1A07A7A8933D87 /* [CP] Check Pods Manifest.lock */ = {
			isa = PBXShellScriptBuildPhase;
			buildActionMask = 2147483647;
			files = (
			);
			inputPaths = (
				"${PODS_PODFILE_DIR_PATH}/Podfile.lock",
				"${PODS_ROOT}/Manifest.lock",
			);
			name = "[CP] Check Pods Manifest.lock";
			outputPaths = (
				"$(DERIVED_FILE_DIR)/Pods-ReadHubTests-checkManifestLockResult.txt",
			);
			runOnlyForDeploymentPostprocessing = 0;
			shellPath = /bin/sh;
			shellScript = "diff \"${PODS_PODFILE_DIR_PATH}/Podfile.lock\" \"${PODS_ROOT}/Manifest.lock\" > /dev/null\nif [ $? != 0 ] ; then\n    # print error to STDERR\n    echo \"error: The sandbox is not in sync with the Podfile.lock. Run 'pod install' or update your CocoaPods installation.\" >&2\n    exit 1\nfi\n# This output is used by Xcode 'outputs' to avoid re-running this script phase.\necho \"SUCCESS\" > \"${SCRIPT_OUTPUT_FILE_0}\"\n";
			showEnvVarsInLog = 0;
		};
		37D9BB02D5AC9668C030207B /* [CP] Check Pods Manifest.lock */ = {
			isa = PBXShellScriptBuildPhase;
			buildActionMask = 2147483647;
			files = (
			);
			inputPaths = (
				"${PODS_PODFILE_DIR_PATH}/Podfile.lock",
				"${PODS_ROOT}/Manifest.lock",
			);
			name = "[CP] Check Pods Manifest.lock";
			outputPaths = (
				"$(DERIVED_FILE_DIR)/Pods-ReadHub-checkManifestLockResult.txt",
			);
			runOnlyForDeploymentPostprocessing = 0;
			shellPath = /bin/sh;
			shellScript = "diff \"${PODS_PODFILE_DIR_PATH}/Podfile.lock\" \"${PODS_ROOT}/Manifest.lock\" > /dev/null\nif [ $? != 0 ] ; then\n    # print error to STDERR\n    echo \"error: The sandbox is not in sync with the Podfile.lock. Run 'pod install' or update your CocoaPods installation.\" >&2\n    exit 1\nfi\n# This output is used by Xcode 'outputs' to avoid re-running this script phase.\necho \"SUCCESS\" > \"${SCRIPT_OUTPUT_FILE_0}\"\n";
			showEnvVarsInLog = 0;
		};
		44B57E61C4D2FA47CE39FB0A /* [CP] Embed Pods Frameworks */ = {
			isa = PBXShellScriptBuildPhase;
			buildActionMask = 2147483647;
			files = (
			);
			inputPaths = (
				"${SRCROOT}/Pods/Target Support Files/Pods-ReadHub/Pods-ReadHub-frameworks.sh",
				"${BUILT_PRODUCTS_DIR}/Alamofire/Alamofire.framework",
				"${BUILT_PRODUCTS_DIR}/AlamofireObjectMapper/AlamofireObjectMapper.framework",
				"${BUILT_PRODUCTS_DIR}/ESPullToRefresh/ESPullToRefresh.framework",
				"${BUILT_PRODUCTS_DIR}/ObjectMapper/ObjectMapper.framework",
			);
			name = "[CP] Embed Pods Frameworks";
			outputPaths = (
				"${TARGET_BUILD_DIR}/${FRAMEWORKS_FOLDER_PATH}/Alamofire.framework",
				"${TARGET_BUILD_DIR}/${FRAMEWORKS_FOLDER_PATH}/AlamofireObjectMapper.framework",
				"${TARGET_BUILD_DIR}/${FRAMEWORKS_FOLDER_PATH}/ESPullToRefresh.framework",
				"${TARGET_BUILD_DIR}/${FRAMEWORKS_FOLDER_PATH}/ObjectMapper.framework",
			);
			runOnlyForDeploymentPostprocessing = 0;
			shellPath = /bin/sh;
			shellScript = "\"${SRCROOT}/Pods/Target Support Files/Pods-ReadHub/Pods-ReadHub-frameworks.sh\"\n";
			showEnvVarsInLog = 0;
		};
		9959EE7E384342102F6F42B4 /* [CP] Copy Pods Resources */ = {
			isa = PBXShellScriptBuildPhase;
			buildActionMask = 2147483647;
			files = (
			);
			inputPaths = (
			);
			name = "[CP] Copy Pods Resources";
			outputPaths = (
			);
			runOnlyForDeploymentPostprocessing = 0;
			shellPath = /bin/sh;
			shellScript = "\"${SRCROOT}/Pods/Target Support Files/Pods-ReadHubUITests/Pods-ReadHubUITests-resources.sh\"\n";
			showEnvVarsInLog = 0;
		};
		B439A3DA79F138F7931FCB68 /* [CP] Embed Pods Frameworks */ = {
			isa = PBXShellScriptBuildPhase;
			buildActionMask = 2147483647;
			files = (
			);
			inputPaths = (
			);
			name = "[CP] Embed Pods Frameworks";
			outputPaths = (
			);
			runOnlyForDeploymentPostprocessing = 0;
			shellPath = /bin/sh;
			shellScript = "\"${SRCROOT}/Pods/Target Support Files/Pods-ReadHubUITests/Pods-ReadHubUITests-frameworks.sh\"\n";
			showEnvVarsInLog = 0;
		};
		BA65EBFDE83B3595605FB311 /* [CP] Copy Pods Resources */ = {
			isa = PBXShellScriptBuildPhase;
			buildActionMask = 2147483647;
			files = (
			);
			inputPaths = (
			);
			name = "[CP] Copy Pods Resources";
			outputPaths = (
			);
			runOnlyForDeploymentPostprocessing = 0;
			shellPath = /bin/sh;
			shellScript = "\"${SRCROOT}/Pods/Target Support Files/Pods-ReadHubTests/Pods-ReadHubTests-resources.sh\"\n";
			showEnvVarsInLog = 0;
		};
		C1BCB14A07F838B48A51FE31 /* [CP] Copy Pods Resources */ = {
			isa = PBXShellScriptBuildPhase;
			buildActionMask = 2147483647;
			files = (
			);
			inputPaths = (
			);
			name = "[CP] Copy Pods Resources";
			outputPaths = (
			);
			runOnlyForDeploymentPostprocessing = 0;
			shellPath = /bin/sh;
			shellScript = "\"${SRCROOT}/Pods/Target Support Files/Pods-ReadHub/Pods-ReadHub-resources.sh\"\n";
			showEnvVarsInLog = 0;
		};
		D0FB1FA31D239062EA555536 /* [CP] Embed Pods Frameworks */ = {
			isa = PBXShellScriptBuildPhase;
			buildActionMask = 2147483647;
			files = (
			);
			inputPaths = (
			);
			name = "[CP] Embed Pods Frameworks";
			outputPaths = (
			);
			runOnlyForDeploymentPostprocessing = 0;
			shellPath = /bin/sh;
			shellScript = "\"${SRCROOT}/Pods/Target Support Files/Pods-ReadHubTests/Pods-ReadHubTests-frameworks.sh\"\n";
			showEnvVarsInLog = 0;
		};
/* End PBXShellScriptBuildPhase section */

/* Begin PBXSourcesBuildPhase section */
		BF61AC391F1C9CAD004838D9 /* Sources */ = {
			isa = PBXSourcesBuildPhase;
			buildActionMask = 2147483647;
			files = (
				A800F4C31F3EC24900F9737F /* TableView+Reusable.swift in Sources */,
				BF2DB1701F2ED8380075A305 /* SectionHeaderView.swift in Sources */,
				A800F4B51F3EB11100F9737F /* TopicSummaryCell.swift in Sources */,
				A800F4CA1F407F7500F9737F /* WebViewController.swift in Sources */,
				A8028C8B1F5979850003711D /* NewsTableViewModel.swift in Sources */,
				A800F4C71F40084100F9737F /* URLConvertable.swift in Sources */,
				A800F4BC1F3EB4B500F9737F /* TopicCellViewModel.swift in Sources */,
				A800F4BE1F3EB82E00F9737F /* TopicSummaryCellViewModel.swift in Sources */,
				BF61AC411F1C9CAD004838D9 /* AppDelegate.swift in Sources */,
				BF61AC851F1CC003004838D9 /* DateFormatter+iso8601.swift in Sources */,
				BF61AC871F1CC02C004838D9 /* Date+iso8601.swift in Sources */,
				A800F4B91F3EB21F00F9737F /* TopicCell.swift in Sources */,
				BF61AC821F1CA5D6004838D9 /* SectionHeaderViewModel.swift in Sources */,
				BF61AC701F1C9FA8004838D9 /* TopicTableViewController.swift in Sources */,
				A800F4C11F3EC1DE00F9737F /* ReusableProtocol.swift in Sources */,
				A8028C831F596F3C0003711D /* NewsViewModel.swift in Sources */,
				BF61AC891F1CC045004838D9 /* String+iso8601.swift in Sources */,
				BF61AC741F1C9FCD004838D9 /* DataLoader.swift in Sources */,
				A800F4CC1F408FA400F9737F /* Storyboardable.swift in Sources */,
				BF61AC7D1F1CA09E004838D9 /* News.swift in Sources */,
				BF61AC7E1F1CA09E004838D9 /* Response.swift in Sources */,
				A8028C891F5979440003711D /* NewsTableViewController.swift in Sources */,
				BF61AC7F1F1CA09E004838D9 /* Topic.swift in Sources */,
				A8028C861F5975820003711D /* NewsCell.swift in Sources */,
				BF2DB1741F2EFDF20075A305 /* TopicTableViewModel.swift in Sources */,
			);
			runOnlyForDeploymentPostprocessing = 0;
		};
		BF61AC4D1F1C9CAD004838D9 /* Sources */ = {
			isa = PBXSourcesBuildPhase;
			buildActionMask = 2147483647;
			files = (
				BF61AC561F1C9CAD004838D9 /* ReadHubTests.swift in Sources */,
			);
			runOnlyForDeploymentPostprocessing = 0;
		};
		BF61AC581F1C9CAD004838D9 /* Sources */ = {
			isa = PBXSourcesBuildPhase;
			buildActionMask = 2147483647;
			files = (
				BF61AC611F1C9CAD004838D9 /* ReadHubUITests.swift in Sources */,
			);
			runOnlyForDeploymentPostprocessing = 0;
		};
/* End PBXSourcesBuildPhase section */

/* Begin PBXTargetDependency section */
		BF61AC531F1C9CAD004838D9 /* PBXTargetDependency */ = {
			isa = PBXTargetDependency;
			target = BF61AC3C1F1C9CAD004838D9 /* ReadHub */;
			targetProxy = BF61AC521F1C9CAD004838D9 /* PBXContainerItemProxy */;
		};
		BF61AC5E1F1C9CAD004838D9 /* PBXTargetDependency */ = {
			isa = PBXTargetDependency;
			target = BF61AC3C1F1C9CAD004838D9 /* ReadHub */;
			targetProxy = BF61AC5D1F1C9CAD004838D9 /* PBXContainerItemProxy */;
		};
/* End PBXTargetDependency section */

/* Begin PBXVariantGroup section */
		BF61AC441F1C9CAD004838D9 /* Main.storyboard */ = {
			isa = PBXVariantGroup;
			children = (
				BF61AC451F1C9CAD004838D9 /* Base */,
			);
			name = Main.storyboard;
			sourceTree = "<group>";
		};
		BF61AC491F1C9CAD004838D9 /* LaunchScreen.storyboard */ = {
			isa = PBXVariantGroup;
			children = (
				BF61AC4A1F1C9CAD004838D9 /* Base */,
			);
			name = LaunchScreen.storyboard;
			sourceTree = "<group>";
		};
/* End PBXVariantGroup section */

/* Begin XCBuildConfiguration section */
		BF61AC631F1C9CAD004838D9 /* Debug */ = {
			isa = XCBuildConfiguration;
			buildSettings = {
				ALWAYS_SEARCH_USER_PATHS = NO;
				CLANG_ANALYZER_NONNULL = YES;
				CLANG_ANALYZER_NUMBER_OBJECT_CONVERSION = YES_AGGRESSIVE;
				CLANG_CXX_LANGUAGE_STANDARD = "gnu++0x";
				CLANG_CXX_LIBRARY = "libc++";
				CLANG_ENABLE_MODULES = YES;
				CLANG_ENABLE_OBJC_ARC = YES;
				CLANG_WARN_BOOL_CONVERSION = YES;
				CLANG_WARN_CONSTANT_CONVERSION = YES;
				CLANG_WARN_DIRECT_OBJC_ISA_USAGE = YES_ERROR;
				CLANG_WARN_DOCUMENTATION_COMMENTS = YES;
				CLANG_WARN_EMPTY_BODY = YES;
				CLANG_WARN_ENUM_CONVERSION = YES;
				CLANG_WARN_INFINITE_RECURSION = YES;
				CLANG_WARN_INT_CONVERSION = YES;
				CLANG_WARN_OBJC_ROOT_CLASS = YES_ERROR;
				CLANG_WARN_SUSPICIOUS_MOVE = YES;
				CLANG_WARN_UNREACHABLE_CODE = YES;
				CLANG_WARN__DUPLICATE_METHOD_MATCH = YES;
				"CODE_SIGN_IDENTITY[sdk=iphoneos*]" = "iPhone Developer";
				COPY_PHASE_STRIP = NO;
				DEBUG_INFORMATION_FORMAT = dwarf;
				ENABLE_STRICT_OBJC_MSGSEND = YES;
				ENABLE_TESTABILITY = YES;
				GCC_C_LANGUAGE_STANDARD = gnu99;
				GCC_DYNAMIC_NO_PIC = NO;
				GCC_NO_COMMON_BLOCKS = YES;
				GCC_OPTIMIZATION_LEVEL = 0;
				GCC_PREPROCESSOR_DEFINITIONS = (
					"DEBUG=1",
					"$(inherited)",
				);
				GCC_WARN_64_TO_32_BIT_CONVERSION = YES;
				GCC_WARN_ABOUT_RETURN_TYPE = YES_ERROR;
				GCC_WARN_UNDECLARED_SELECTOR = YES;
				GCC_WARN_UNINITIALIZED_AUTOS = YES_AGGRESSIVE;
				GCC_WARN_UNUSED_FUNCTION = YES;
				GCC_WARN_UNUSED_VARIABLE = YES;
				IPHONEOS_DEPLOYMENT_TARGET = 10.3;
				MTL_ENABLE_DEBUG_INFO = YES;
				ONLY_ACTIVE_ARCH = YES;
				SDKROOT = iphoneos;
				SWIFT_ACTIVE_COMPILATION_CONDITIONS = DEBUG;
				SWIFT_OPTIMIZATION_LEVEL = "-Onone";
				TARGETED_DEVICE_FAMILY = "1,2";
			};
			name = Debug;
		};
		BF61AC641F1C9CAD004838D9 /* Release */ = {
			isa = XCBuildConfiguration;
			buildSettings = {
				ALWAYS_SEARCH_USER_PATHS = NO;
				CLANG_ANALYZER_NONNULL = YES;
				CLANG_ANALYZER_NUMBER_OBJECT_CONVERSION = YES_AGGRESSIVE;
				CLANG_CXX_LANGUAGE_STANDARD = "gnu++0x";
				CLANG_CXX_LIBRARY = "libc++";
				CLANG_ENABLE_MODULES = YES;
				CLANG_ENABLE_OBJC_ARC = YES;
				CLANG_WARN_BOOL_CONVERSION = YES;
				CLANG_WARN_CONSTANT_CONVERSION = YES;
				CLANG_WARN_DIRECT_OBJC_ISA_USAGE = YES_ERROR;
				CLANG_WARN_DOCUMENTATION_COMMENTS = YES;
				CLANG_WARN_EMPTY_BODY = YES;
				CLANG_WARN_ENUM_CONVERSION = YES;
				CLANG_WARN_INFINITE_RECURSION = YES;
				CLANG_WARN_INT_CONVERSION = YES;
				CLANG_WARN_OBJC_ROOT_CLASS = YES_ERROR;
				CLANG_WARN_SUSPICIOUS_MOVE = YES;
				CLANG_WARN_UNREACHABLE_CODE = YES;
				CLANG_WARN__DUPLICATE_METHOD_MATCH = YES;
				"CODE_SIGN_IDENTITY[sdk=iphoneos*]" = "iPhone Developer";
				COPY_PHASE_STRIP = NO;
				DEBUG_INFORMATION_FORMAT = "dwarf-with-dsym";
				ENABLE_NS_ASSERTIONS = NO;
				ENABLE_STRICT_OBJC_MSGSEND = YES;
				GCC_C_LANGUAGE_STANDARD = gnu99;
				GCC_NO_COMMON_BLOCKS = YES;
				GCC_WARN_64_TO_32_BIT_CONVERSION = YES;
				GCC_WARN_ABOUT_RETURN_TYPE = YES_ERROR;
				GCC_WARN_UNDECLARED_SELECTOR = YES;
				GCC_WARN_UNINITIALIZED_AUTOS = YES_AGGRESSIVE;
				GCC_WARN_UNUSED_FUNCTION = YES;
				GCC_WARN_UNUSED_VARIABLE = YES;
				IPHONEOS_DEPLOYMENT_TARGET = 10.3;
				MTL_ENABLE_DEBUG_INFO = NO;
				SDKROOT = iphoneos;
				SWIFT_OPTIMIZATION_LEVEL = "-Owholemodule";
				TARGETED_DEVICE_FAMILY = "1,2";
				VALIDATE_PRODUCT = YES;
			};
			name = Release;
		};
		BF61AC661F1C9CAD004838D9 /* Debug */ = {
			isa = XCBuildConfiguration;
			baseConfigurationReference = F094A958231585428318700F /* Pods-ReadHub.debug.xcconfig */;
			buildSettings = {
				ASSETCATALOG_COMPILER_APPICON_NAME = AppIcon;
				INFOPLIST_FILE = ReadHub/Info.plist;
				LD_RUNPATH_SEARCH_PATHS = "$(inherited) @executable_path/Frameworks";
				PRODUCT_BUNDLE_IDENTIFIER = com.yangxing.liang.ReadHub;
				PRODUCT_NAME = "$(TARGET_NAME)";
				SWIFT_VERSION = 3.0;
			};
			name = Debug;
		};
		BF61AC671F1C9CAD004838D9 /* Release */ = {
			isa = XCBuildConfiguration;
			baseConfigurationReference = F72A4EECD83CD332F4FC43FE /* Pods-ReadHub.release.xcconfig */;
			buildSettings = {
				ASSETCATALOG_COMPILER_APPICON_NAME = AppIcon;
				INFOPLIST_FILE = ReadHub/Info.plist;
				LD_RUNPATH_SEARCH_PATHS = "$(inherited) @executable_path/Frameworks";
				PRODUCT_BUNDLE_IDENTIFIER = com.yangxing.liang.ReadHub;
				PRODUCT_NAME = "$(TARGET_NAME)";
				SWIFT_VERSION = 3.0;
			};
			name = Release;
		};
		BF61AC691F1C9CAD004838D9 /* Debug */ = {
			isa = XCBuildConfiguration;
			baseConfigurationReference = 679A7557A822F7B49972FBBE /* Pods-ReadHubTests.debug.xcconfig */;
			buildSettings = {
				ALWAYS_EMBED_SWIFT_STANDARD_LIBRARIES = YES;
				BUNDLE_LOADER = "$(TEST_HOST)";
				INFOPLIST_FILE = ReadHubTests/Info.plist;
				LD_RUNPATH_SEARCH_PATHS = "$(inherited) @executable_path/Frameworks @loader_path/Frameworks";
				PRODUCT_BUNDLE_IDENTIFIER = com.yangxing.liang.ReadHubTests;
				PRODUCT_NAME = "$(TARGET_NAME)";
				SWIFT_VERSION = 3.0;
				TEST_HOST = "$(BUILT_PRODUCTS_DIR)/ReadHub.app/ReadHub";
			};
			name = Debug;
		};
		BF61AC6A1F1C9CAD004838D9 /* Release */ = {
			isa = XCBuildConfiguration;
			baseConfigurationReference = ADFF022248E972FC93B31DF9 /* Pods-ReadHubTests.release.xcconfig */;
			buildSettings = {
				ALWAYS_EMBED_SWIFT_STANDARD_LIBRARIES = YES;
				BUNDLE_LOADER = "$(TEST_HOST)";
				INFOPLIST_FILE = ReadHubTests/Info.plist;
				LD_RUNPATH_SEARCH_PATHS = "$(inherited) @executable_path/Frameworks @loader_path/Frameworks";
				PRODUCT_BUNDLE_IDENTIFIER = com.yangxing.liang.ReadHubTests;
				PRODUCT_NAME = "$(TARGET_NAME)";
				SWIFT_VERSION = 3.0;
				TEST_HOST = "$(BUILT_PRODUCTS_DIR)/ReadHub.app/ReadHub";
			};
			name = Release;
		};
		BF61AC6C1F1C9CAD004838D9 /* Debug */ = {
			isa = XCBuildConfiguration;
			baseConfigurationReference = 211091B56E89336E3F126010 /* Pods-ReadHubUITests.debug.xcconfig */;
			buildSettings = {
				ALWAYS_EMBED_SWIFT_STANDARD_LIBRARIES = YES;
				INFOPLIST_FILE = ReadHubUITests/Info.plist;
				LD_RUNPATH_SEARCH_PATHS = "$(inherited) @executable_path/Frameworks @loader_path/Frameworks";
				PRODUCT_BUNDLE_IDENTIFIER = com.yangxing.liang.ReadHubUITests;
				PRODUCT_NAME = "$(TARGET_NAME)";
				SWIFT_VERSION = 3.0;
				TEST_TARGET_NAME = ReadHub;
			};
			name = Debug;
		};
		BF61AC6D1F1C9CAD004838D9 /* Release */ = {
			isa = XCBuildConfiguration;
			baseConfigurationReference = 974E746642A78F327C09C7E4 /* Pods-ReadHubUITests.release.xcconfig */;
			buildSettings = {
				ALWAYS_EMBED_SWIFT_STANDARD_LIBRARIES = YES;
				INFOPLIST_FILE = ReadHubUITests/Info.plist;
				LD_RUNPATH_SEARCH_PATHS = "$(inherited) @executable_path/Frameworks @loader_path/Frameworks";
				PRODUCT_BUNDLE_IDENTIFIER = com.yangxing.liang.ReadHubUITests;
				PRODUCT_NAME = "$(TARGET_NAME)";
				SWIFT_VERSION = 3.0;
				TEST_TARGET_NAME = ReadHub;
			};
			name = Release;
		};
/* End XCBuildConfiguration section */

/* Begin XCConfigurationList section */
		BF61AC381F1C9CAD004838D9 /* Build configuration list for PBXProject "ReadHub" */ = {
			isa = XCConfigurationList;
			buildConfigurations = (
				BF61AC631F1C9CAD004838D9 /* Debug */,
				BF61AC641F1C9CAD004838D9 /* Release */,
			);
			defaultConfigurationIsVisible = 0;
			defaultConfigurationName = Release;
		};
		BF61AC651F1C9CAD004838D9 /* Build configuration list for PBXNativeTarget "ReadHub" */ = {
			isa = XCConfigurationList;
			buildConfigurations = (
				BF61AC661F1C9CAD004838D9 /* Debug */,
				BF61AC671F1C9CAD004838D9 /* Release */,
			);
			defaultConfigurationIsVisible = 0;
			defaultConfigurationName = Release;
		};
		BF61AC681F1C9CAD004838D9 /* Build configuration list for PBXNativeTarget "ReadHubTests" */ = {
			isa = XCConfigurationList;
			buildConfigurations = (
				BF61AC691F1C9CAD004838D9 /* Debug */,
				BF61AC6A1F1C9CAD004838D9 /* Release */,
			);
			defaultConfigurationIsVisible = 0;
			defaultConfigurationName = Release;
		};
		BF61AC6B1F1C9CAD004838D9 /* Build configuration list for PBXNativeTarget "ReadHubUITests" */ = {
			isa = XCConfigurationList;
			buildConfigurations = (
				BF61AC6C1F1C9CAD004838D9 /* Debug */,
				BF61AC6D1F1C9CAD004838D9 /* Release */,
			);
			defaultConfigurationIsVisible = 0;
			defaultConfigurationName = Release;
		};
/* End XCConfigurationList section */
	};
	rootObject = BF61AC351F1C9CAD004838D9 /* Project object */;
}
